PODS:
  - Alamofire (4.2.0)
  - AlamofireImage (3.2.0):
    - Alamofire (~> 4.1)
  - iCarousel (1.8.3)
  - Jelly (1.2.0)
  - SVPullToRefresh (0.4.1)

DEPENDENCIES:
  - Alamofire
  - AlamofireImage
  - iCarousel
  - Jelly
  - SVPullToRefresh

SPEC CHECKSUMS:
  Alamofire: aa2e09d871c9160ac53c90e83c68064a94e3dfbe
  AlamofireImage: 157ed682cc81d3b9db4fb90c1f12180ac552d93b
  iCarousel: d782f635afac190c49bb8ee455882284cff8b85f
  Jelly: 116d4d5a884295b0b0d3bb1899ebf1a86e54dfb9
  SVPullToRefresh: ba2e718695a43253d8bea6852d2960097dc15d8c

PODFILE CHECKSUM: 93a39e5115b2687ae2d3dd89f519d63f4484286a

COCOAPODS: 1.1.1
